
Microsoft Visual Studio Solution File, Format Version 11.00
# Visual Studio 2010
Project("{2150E333-8FDC-42A3-9474-1A3956D46DE8}") = "Loggers", "Loggers", "{2D5DCD44-54E7-4174-89C1-9AC976376B3D}"
EndProject
Project("{FAE04EC0-301F-11D3-BF4B-00C04F79EFBC}") = "ProdUI", "ProdUI\ProdUI.csproj", "{2492762B-8F57-4B58-AA8D-84FEF450EB60}"
EndProject
Project("{FAE04EC0-301F-11D3-BF4B-00C04F79EFBC}") = "ProdEHLLAPI", "ProdEHLLAPI\ProdEHLLAPI.csproj", "{93F37741-2369-43A0-865A-8064E91F9101}"
EndProject
Project("{FAE04EC0-301F-11D3-BF4B-00C04F79EFBC}") = "ProdCodeGenerator", "ProdCodeGenerator\ProdCodeGenerator.csproj", "{3E2EB5DE-FE2B-408D-95C3-CBCC9E95B809}"
EndProject
Project("{FAE04EC0-301F-11D3-BF4B-00C04F79EFBC}") = "MapLib", "MapLib\MapLib.csproj", "{6A960621-4C23-4E5D-B92D-7801C39866FC}"
EndProject
Project("{FAE04EC0-301F-11D3-BF4B-00C04F79EFBC}") = "XMLLogger", "ProdLoggers\XMLLogger\XMLLogger.csproj", "{0F27ACC5-72C2-4945-92AD-6A0B36E462F4}"
EndProject
Project("{FAE04EC0-301F-11D3-BF4B-00C04F79EFBC}") = "TextFileLogger", "ProdLoggers\TextFileLogger\TextFileLogger.csproj", "{B9A04CBC-55D1-4529-B1E6-18C8D2D1AC65}"
EndProject
Project("{FAE04EC0-301F-11D3-BF4B-00C04F79EFBC}") = "MboxLogger", "ProdLoggers\MboxLogger\MboxLogger.csproj", "{E08BF88A-98B1-43AF-A9E0-44C6E5903BCD}"
EndProject
Project("{FAE04EC0-301F-11D3-BF4B-00C04F79EFBC}") = "DebugLogger", "ProdLoggers\DebugLogger\DebugLogger.csproj", "{F89A3117-BCF8-4AED-8004-E64C70B239DC}"
EndProject
Project("{FAE04EC0-301F-11D3-BF4B-00C04F79EFBC}") = "ProdLoggingConfiguration", "..\Applications\ProdLogConfiguration\ProdLoggingConfiguration.csproj", "{6F00ACEA-225C-46F4-BDC3-8709FFC25167}"
EndProject
Global
	GlobalSection(SolutionConfigurationPlatforms) = preSolution
		Debug|Any CPU = Debug|Any CPU
		Debug|Mixed Platforms = Debug|Mixed Platforms
		Debug|x86 = Debug|x86
		ProdUIOnly|Any CPU = ProdUIOnly|Any CPU
		ProdUIOnly|Mixed Platforms = ProdUIOnly|Mixed Platforms
		ProdUIOnly|x86 = ProdUIOnly|x86
		Release|Any CPU = Release|Any CPU
		Release|Mixed Platforms = Release|Mixed Platforms
		Release|x86 = Release|x86
		SessionConfigOnly|Any CPU = SessionConfigOnly|Any CPU
		SessionConfigOnly|Mixed Platforms = SessionConfigOnly|Mixed Platforms
		SessionConfigOnly|x86 = SessionConfigOnly|x86
	EndGlobalSection
	GlobalSection(ProjectConfigurationPlatforms) = postSolution
		{2492762B-8F57-4B58-AA8D-84FEF450EB60}.Debug|Any CPU.ActiveCfg = Debug|Any CPU
		{2492762B-8F57-4B58-AA8D-84FEF450EB60}.Debug|Any CPU.Build.0 = Debug|Any CPU
		{2492762B-8F57-4B58-AA8D-84FEF450EB60}.Debug|Mixed Platforms.ActiveCfg = Debug|Any CPU
		{2492762B-8F57-4B58-AA8D-84FEF450EB60}.Debug|Mixed Platforms.Build.0 = Debug|Any CPU
		{2492762B-8F57-4B58-AA8D-84FEF450EB60}.Debug|x86.ActiveCfg = Debug|Any CPU
		{2492762B-8F57-4B58-AA8D-84FEF450EB60}.ProdUIOnly|Any CPU.ActiveCfg = ProdUIOnly|Any CPU
		{2492762B-8F57-4B58-AA8D-84FEF450EB60}.ProdUIOnly|Any CPU.Build.0 = ProdUIOnly|Any CPU
		{2492762B-8F57-4B58-AA8D-84FEF450EB60}.ProdUIOnly|Mixed Platforms.ActiveCfg = ProdUIOnly|Any CPU
		{2492762B-8F57-4B58-AA8D-84FEF450EB60}.ProdUIOnly|Mixed Platforms.Build.0 = ProdUIOnly|Any CPU
		{2492762B-8F57-4B58-AA8D-84FEF450EB60}.ProdUIOnly|x86.ActiveCfg = ProdUIOnly|Any CPU
		{2492762B-8F57-4B58-AA8D-84FEF450EB60}.Release|Any CPU.ActiveCfg = Release|Any CPU
		{2492762B-8F57-4B58-AA8D-84FEF450EB60}.Release|Any CPU.Build.0 = Release|Any CPU
		{2492762B-8F57-4B58-AA8D-84FEF450EB60}.Release|Mixed Platforms.ActiveCfg = Release|Any CPU
		{2492762B-8F57-4B58-AA8D-84FEF450EB60}.Release|Mixed Platforms.Build.0 = Release|Any CPU
		{2492762B-8F57-4B58-AA8D-84FEF450EB60}.Release|x86.ActiveCfg = Release|Any CPU
		{2492762B-8F57-4B58-AA8D-84FEF450EB60}.SessionConfigOnly|Any CPU.ActiveCfg = SessionConfigOnly|Any CPU
		{2492762B-8F57-4B58-AA8D-84FEF450EB60}.SessionConfigOnly|Any CPU.Build.0 = SessionConfigOnly|Any CPU
		{2492762B-8F57-4B58-AA8D-84FEF450EB60}.SessionConfigOnly|Mixed Platforms.ActiveCfg = SessionConfigOnly|Any CPU
		{2492762B-8F57-4B58-AA8D-84FEF450EB60}.SessionConfigOnly|Mixed Platforms.Build.0 = SessionConfigOnly|Any CPU
		{2492762B-8F57-4B58-AA8D-84FEF450EB60}.SessionConfigOnly|x86.ActiveCfg = SessionConfigOnly|Any CPU
		{93F37741-2369-43A0-865A-8064E91F9101}.Debug|Any CPU.ActiveCfg = Debug|Any CPU
		{93F37741-2369-43A0-865A-8064E91F9101}.Debug|Any CPU.Build.0 = Debug|Any CPU
		{93F37741-2369-43A0-865A-8064E91F9101}.Debug|Mixed Platforms.ActiveCfg = Debug|Any CPU
		{93F37741-2369-43A0-865A-8064E91F9101}.Debug|Mixed Platforms.Build.0 = Debug|Any CPU
		{93F37741-2369-43A0-865A-8064E91F9101}.Debug|x86.ActiveCfg = Debug|Any CPU
		{93F37741-2369-43A0-865A-8064E91F9101}.ProdUIOnly|Any CPU.ActiveCfg = ProdUIOnly|Any CPU
		{93F37741-2369-43A0-865A-8064E91F9101}.ProdUIOnly|Any CPU.Build.0 = ProdUIOnly|Any CPU
		{93F37741-2369-43A0-865A-8064E91F9101}.ProdUIOnly|Mixed Platforms.ActiveCfg = ProdUIOnly|Any CPU
		{93F37741-2369-43A0-865A-8064E91F9101}.ProdUIOnly|Mixed Platforms.Build.0 = ProdUIOnly|Any CPU
		{93F37741-2369-43A0-865A-8064E91F9101}.ProdUIOnly|x86.ActiveCfg = ProdUIOnly|Any CPU
		{93F37741-2369-43A0-865A-8064E91F9101}.Release|Any CPU.ActiveCfg = Release|Any CPU
		{93F37741-2369-43A0-865A-8064E91F9101}.Release|Any CPU.Build.0 = Release|Any CPU
		{93F37741-2369-43A0-865A-8064E91F9101}.Release|Mixed Platforms.ActiveCfg = Release|Any CPU
		{93F37741-2369-43A0-865A-8064E91F9101}.Release|Mixed Platforms.Build.0 = Release|Any CPU
		{93F37741-2369-43A0-865A-8064E91F9101}.Release|x86.ActiveCfg = Release|Any CPU
		{93F37741-2369-43A0-865A-8064E91F9101}.SessionConfigOnly|Any CPU.ActiveCfg = SessionConfigOnly|Any CPU
		{93F37741-2369-43A0-865A-8064E91F9101}.SessionConfigOnly|Any CPU.Build.0 = SessionConfigOnly|Any CPU
		{93F37741-2369-43A0-865A-8064E91F9101}.SessionConfigOnly|Mixed Platforms.ActiveCfg = SessionConfigOnly|Any CPU
		{93F37741-2369-43A0-865A-8064E91F9101}.SessionConfigOnly|x86.ActiveCfg = SessionConfigOnly|Any CPU
		{3E2EB5DE-FE2B-408D-95C3-CBCC9E95B809}.Debug|Any CPU.ActiveCfg = Debug|Any CPU
		{3E2EB5DE-FE2B-408D-95C3-CBCC9E95B809}.Debug|Any CPU.Build.0 = Debug|Any CPU
		{3E2EB5DE-FE2B-408D-95C3-CBCC9E95B809}.Debug|Mixed Platforms.ActiveCfg = Debug|Any CPU
		{3E2EB5DE-FE2B-408D-95C3-CBCC9E95B809}.Debug|Mixed Platforms.Build.0 = Debug|Any CPU
		{3E2EB5DE-FE2B-408D-95C3-CBCC9E95B809}.Debug|x86.ActiveCfg = Debug|Any CPU
		{3E2EB5DE-FE2B-408D-95C3-CBCC9E95B809}.ProdUIOnly|Any CPU.ActiveCfg = Release|Any CPU
		{3E2EB5DE-FE2B-408D-95C3-CBCC9E95B809}.ProdUIOnly|Any CPU.Build.0 = Release|Any CPU
		{3E2EB5DE-FE2B-408D-95C3-CBCC9E95B809}.ProdUIOnly|Mixed Platforms.ActiveCfg = Release|Any CPU
		{3E2EB5DE-FE2B-408D-95C3-CBCC9E95B809}.ProdUIOnly|Mixed Platforms.Build.0 = Release|Any CPU
		{3E2EB5DE-FE2B-408D-95C3-CBCC9E95B809}.ProdUIOnly|x86.ActiveCfg = Release|Any CPU
		{3E2EB5DE-FE2B-408D-95C3-CBCC9E95B809}.Release|Any CPU.ActiveCfg = Release|Any CPU
		{3E2EB5DE-FE2B-408D-95C3-CBCC9E95B809}.Release|Any CPU.Build.0 = Release|Any CPU
		{3E2EB5DE-FE2B-408D-95C3-CBCC9E95B809}.Release|Mixed Platforms.ActiveCfg = Release|Any CPU
		{3E2EB5DE-FE2B-408D-95C3-CBCC9E95B809}.Release|Mixed Platforms.Build.0 = Release|Any CPU
		{3E2EB5DE-FE2B-408D-95C3-CBCC9E95B809}.Release|x86.ActiveCfg = Release|Any CPU
		{3E2EB5DE-FE2B-408D-95C3-CBCC9E95B809}.SessionConfigOnly|Any CPU.ActiveCfg = Release|Any CPU
		{3E2EB5DE-FE2B-408D-95C3-CBCC9E95B809}.SessionConfigOnly|Any CPU.Build.0 = Release|Any CPU
		{3E2EB5DE-FE2B-408D-95C3-CBCC9E95B809}.SessionConfigOnly|Mixed Platforms.ActiveCfg = Debug|Any CPU
		{3E2EB5DE-FE2B-408D-95C3-CBCC9E95B809}.SessionConfigOnly|x86.ActiveCfg = Release|Any CPU
		{6A960621-4C23-4E5D-B92D-7801C39866FC}.Debug|Any CPU.ActiveCfg = Debug|Any CPU
		{6A960621-4C23-4E5D-B92D-7801C39866FC}.Debug|Any CPU.Build.0 = Debug|Any CPU
		{6A960621-4C23-4E5D-B92D-7801C39866FC}.Debug|Mixed Platforms.ActiveCfg = Debug|Any CPU
		{6A960621-4C23-4E5D-B92D-7801C39866FC}.Debug|Mixed Platforms.Build.0 = Debug|Any CPU
		{6A960621-4C23-4E5D-B92D-7801C39866FC}.Debug|x86.ActiveCfg = Debug|Any CPU
		{6A960621-4C23-4E5D-B92D-7801C39866FC}.ProdUIOnly|Any CPU.ActiveCfg = ProdUIOnly|Any CPU
		{6A960621-4C23-4E5D-B92D-7801C39866FC}.ProdUIOnly|Any CPU.Build.0 = ProdUIOnly|Any CPU
		{6A960621-4C23-4E5D-B92D-7801C39866FC}.ProdUIOnly|Mixed Platforms.ActiveCfg = ProdUIOnly|Any CPU
		{6A960621-4C23-4E5D-B92D-7801C39866FC}.ProdUIOnly|Mixed Platforms.Build.0 = ProdUIOnly|Any CPU
		{6A960621-4C23-4E5D-B92D-7801C39866FC}.ProdUIOnly|x86.ActiveCfg = ProdUIOnly|Any CPU
		{6A960621-4C23-4E5D-B92D-7801C39866FC}.Release|Any CPU.ActiveCfg = Release|Any CPU
		{6A960621-4C23-4E5D-B92D-7801C39866FC}.Release|Any CPU.Build.0 = Release|Any CPU
		{6A960621-4C23-4E5D-B92D-7801C39866FC}.Release|Mixed Platforms.ActiveCfg = Release|Any CPU
		{6A960621-4C23-4E5D-B92D-7801C39866FC}.Release|Mixed Platforms.Build.0 = Release|Any CPU
		{6A960621-4C23-4E5D-B92D-7801C39866FC}.Release|x86.ActiveCfg = Release|Any CPU
		{6A960621-4C23-4E5D-B92D-7801C39866FC}.SessionConfigOnly|Any CPU.ActiveCfg = SessionConfigOnly|Any CPU
		{6A960621-4C23-4E5D-B92D-7801C39866FC}.SessionConfigOnly|Any CPU.Build.0 = SessionConfigOnly|Any CPU
		{6A960621-4C23-4E5D-B92D-7801C39866FC}.SessionConfigOnly|Mixed Platforms.ActiveCfg = SessionConfigOnly|Any CPU
		{6A960621-4C23-4E5D-B92D-7801C39866FC}.SessionConfigOnly|x86.ActiveCfg = SessionConfigOnly|Any CPU
		{0F27ACC5-72C2-4945-92AD-6A0B36E462F4}.Debug|Any CPU.ActiveCfg = Debug|Any CPU
		{0F27ACC5-72C2-4945-92AD-6A0B36E462F4}.Debug|Any CPU.Build.0 = Debug|Any CPU
		{0F27ACC5-72C2-4945-92AD-6A0B36E462F4}.Debug|Mixed Platforms.ActiveCfg = Debug|Any CPU
		{0F27ACC5-72C2-4945-92AD-6A0B36E462F4}.Debug|Mixed Platforms.Build.0 = Debug|Any CPU
		{0F27ACC5-72C2-4945-92AD-6A0B36E462F4}.Debug|x86.ActiveCfg = Debug|Any CPU
		{0F27ACC5-72C2-4945-92AD-6A0B36E462F4}.ProdUIOnly|Any CPU.ActiveCfg = Release|Any CPU
		{0F27ACC5-72C2-4945-92AD-6A0B36E462F4}.ProdUIOnly|Any CPU.Build.0 = Release|Any CPU
		{0F27ACC5-72C2-4945-92AD-6A0B36E462F4}.ProdUIOnly|Mixed Platforms.ActiveCfg = Release|Any CPU
		{0F27ACC5-72C2-4945-92AD-6A0B36E462F4}.ProdUIOnly|Mixed Platforms.Build.0 = Release|Any CPU
		{0F27ACC5-72C2-4945-92AD-6A0B36E462F4}.ProdUIOnly|x86.ActiveCfg = Release|Any CPU
		{0F27ACC5-72C2-4945-92AD-6A0B36E462F4}.Release|Any CPU.ActiveCfg = Release|Any CPU
		{0F27ACC5-72C2-4945-92AD-6A0B36E462F4}.Release|Any CPU.Build.0 = Release|Any CPU
		{0F27ACC5-72C2-4945-92AD-6A0B36E462F4}.Release|Mixed Platforms.ActiveCfg = Release|Any CPU
		{0F27ACC5-72C2-4945-92AD-6A0B36E462F4}.Release|Mixed Platforms.Build.0 = Release|Any CPU
		{0F27ACC5-72C2-4945-92AD-6A0B36E462F4}.Release|x86.ActiveCfg = Release|Any CPU
		{0F27ACC5-72C2-4945-92AD-6A0B36E462F4}.SessionConfigOnly|Any CPU.ActiveCfg = Release|Any CPU
		{0F27ACC5-72C2-4945-92AD-6A0B36E462F4}.SessionConfigOnly|Any CPU.Build.0 = Release|Any CPU
		{0F27ACC5-72C2-4945-92AD-6A0B36E462F4}.SessionConfigOnly|Mixed Platforms.ActiveCfg = Release|Any CPU
		{0F27ACC5-72C2-4945-92AD-6A0B36E462F4}.SessionConfigOnly|Mixed Platforms.Build.0 = Release|Any CPU
		{0F27ACC5-72C2-4945-92AD-6A0B36E462F4}.SessionConfigOnly|x86.ActiveCfg = Release|Any CPU
		{B9A04CBC-55D1-4529-B1E6-18C8D2D1AC65}.Debug|Any CPU.ActiveCfg = Debug|Any CPU
		{B9A04CBC-55D1-4529-B1E6-18C8D2D1AC65}.Debug|Any CPU.Build.0 = Debug|Any CPU
		{B9A04CBC-55D1-4529-B1E6-18C8D2D1AC65}.Debug|Mixed Platforms.ActiveCfg = Debug|Any CPU
		{B9A04CBC-55D1-4529-B1E6-18C8D2D1AC65}.Debug|Mixed Platforms.Build.0 = Debug|Any CPU
		{B9A04CBC-55D1-4529-B1E6-18C8D2D1AC65}.Debug|x86.ActiveCfg = Debug|Any CPU
		{B9A04CBC-55D1-4529-B1E6-18C8D2D1AC65}.ProdUIOnly|Any CPU.ActiveCfg = ProdUIOnly|Any CPU
		{B9A04CBC-55D1-4529-B1E6-18C8D2D1AC65}.ProdUIOnly|Any CPU.Build.0 = ProdUIOnly|Any CPU
		{B9A04CBC-55D1-4529-B1E6-18C8D2D1AC65}.ProdUIOnly|Mixed Platforms.ActiveCfg = ProdUIOnly|Any CPU
		{B9A04CBC-55D1-4529-B1E6-18C8D2D1AC65}.ProdUIOnly|Mixed Platforms.Build.0 = ProdUIOnly|Any CPU
		{B9A04CBC-55D1-4529-B1E6-18C8D2D1AC65}.ProdUIOnly|x86.ActiveCfg = ProdUIOnly|Any CPU
		{B9A04CBC-55D1-4529-B1E6-18C8D2D1AC65}.Release|Any CPU.ActiveCfg = Release|Any CPU
		{B9A04CBC-55D1-4529-B1E6-18C8D2D1AC65}.Release|Any CPU.Build.0 = Release|Any CPU
		{B9A04CBC-55D1-4529-B1E6-18C8D2D1AC65}.Release|Mixed Platforms.ActiveCfg = Release|Any CPU
		{B9A04CBC-55D1-4529-B1E6-18C8D2D1AC65}.Release|Mixed Platforms.Build.0 = Release|Any CPU
		{B9A04CBC-55D1-4529-B1E6-18C8D2D1AC65}.Release|x86.ActiveCfg = Release|Any CPU
		{B9A04CBC-55D1-4529-B1E6-18C8D2D1AC65}.SessionConfigOnly|Any CPU.ActiveCfg = SessionConfigOnly|Any CPU
		{B9A04CBC-55D1-4529-B1E6-18C8D2D1AC65}.SessionConfigOnly|Any CPU.Build.0 = SessionConfigOnly|Any CPU
		{B9A04CBC-55D1-4529-B1E6-18C8D2D1AC65}.SessionConfigOnly|Mixed Platforms.ActiveCfg = SessionConfigOnly|Any CPU
		{B9A04CBC-55D1-4529-B1E6-18C8D2D1AC65}.SessionConfigOnly|Mixed Platforms.Build.0 = SessionConfigOnly|Any CPU
		{B9A04CBC-55D1-4529-B1E6-18C8D2D1AC65}.SessionConfigOnly|x86.ActiveCfg = SessionConfigOnly|Any CPU
		{E08BF88A-98B1-43AF-A9E0-44C6E5903BCD}.Debug|Any CPU.ActiveCfg = Debug|Any CPU
		{E08BF88A-98B1-43AF-A9E0-44C6E5903BCD}.Debug|Any CPU.Build.0 = Debug|Any CPU
		{E08BF88A-98B1-43AF-A9E0-44C6E5903BCD}.Debug|Mixed Platforms.ActiveCfg = Debug|Any CPU
		{E08BF88A-98B1-43AF-A9E0-44C6E5903BCD}.Debug|Mixed Platforms.Build.0 = Debug|Any CPU
		{E08BF88A-98B1-43AF-A9E0-44C6E5903BCD}.Debug|x86.ActiveCfg = Debug|Any CPU
		{E08BF88A-98B1-43AF-A9E0-44C6E5903BCD}.ProdUIOnly|Any CPU.ActiveCfg = ProdUIOnly|Any CPU
		{E08BF88A-98B1-43AF-A9E0-44C6E5903BCD}.ProdUIOnly|Any CPU.Build.0 = ProdUIOnly|Any CPU
		{E08BF88A-98B1-43AF-A9E0-44C6E5903BCD}.ProdUIOnly|Mixed Platforms.ActiveCfg = ProdUIOnly|Any CPU
		{E08BF88A-98B1-43AF-A9E0-44C6E5903BCD}.ProdUIOnly|Mixed Platforms.Build.0 = ProdUIOnly|Any CPU
		{E08BF88A-98B1-43AF-A9E0-44C6E5903BCD}.ProdUIOnly|x86.ActiveCfg = ProdUIOnly|Any CPU
		{E08BF88A-98B1-43AF-A9E0-44C6E5903BCD}.Release|Any CPU.ActiveCfg = Release|Any CPU
		{E08BF88A-98B1-43AF-A9E0-44C6E5903BCD}.Release|Any CPU.Build.0 = Release|Any CPU
		{E08BF88A-98B1-43AF-A9E0-44C6E5903BCD}.Release|Mixed Platforms.ActiveCfg = Release|Any CPU
		{E08BF88A-98B1-43AF-A9E0-44C6E5903BCD}.Release|Mixed Platforms.Build.0 = Release|Any CPU
		{E08BF88A-98B1-43AF-A9E0-44C6E5903BCD}.Release|x86.ActiveCfg = Release|Any CPU
		{E08BF88A-98B1-43AF-A9E0-44C6E5903BCD}.SessionConfigOnly|Any CPU.ActiveCfg = SessionConfigOnly|Any CPU
		{E08BF88A-98B1-43AF-A9E0-44C6E5903BCD}.SessionConfigOnly|Any CPU.Build.0 = SessionConfigOnly|Any CPU
		{E08BF88A-98B1-43AF-A9E0-44C6E5903BCD}.SessionConfigOnly|Mixed Platforms.ActiveCfg = SessionConfigOnly|Any CPU
		{E08BF88A-98B1-43AF-A9E0-44C6E5903BCD}.SessionConfigOnly|Mixed Platforms.Build.0 = SessionConfigOnly|Any CPU
		{E08BF88A-98B1-43AF-A9E0-44C6E5903BCD}.SessionConfigOnly|x86.ActiveCfg = SessionConfigOnly|Any CPU
		{F89A3117-BCF8-4AED-8004-E64C70B239DC}.Debug|Any CPU.ActiveCfg = Debug|Any CPU
		{F89A3117-BCF8-4AED-8004-E64C70B239DC}.Debug|Any CPU.Build.0 = Debug|Any CPU
		{F89A3117-BCF8-4AED-8004-E64C70B239DC}.Debug|Mixed Platforms.ActiveCfg = Debug|Any CPU
		{F89A3117-BCF8-4AED-8004-E64C70B239DC}.Debug|Mixed Platforms.Build.0 = Debug|Any CPU
		{F89A3117-BCF8-4AED-8004-E64C70B239DC}.Debug|x86.ActiveCfg = Debug|Any CPU
		{F89A3117-BCF8-4AED-8004-E64C70B239DC}.ProdUIOnly|Any CPU.ActiveCfg = ProdUIOnly|Any CPU
		{F89A3117-BCF8-4AED-8004-E64C70B239DC}.ProdUIOnly|Any CPU.Build.0 = ProdUIOnly|Any CPU
		{F89A3117-BCF8-4AED-8004-E64C70B239DC}.ProdUIOnly|Mixed Platforms.ActiveCfg = ProdUIOnly|Any CPU
		{F89A3117-BCF8-4AED-8004-E64C70B239DC}.ProdUIOnly|Mixed Platforms.Build.0 = ProdUIOnly|Any CPU
		{F89A3117-BCF8-4AED-8004-E64C70B239DC}.ProdUIOnly|x86.ActiveCfg = ProdUIOnly|Any CPU
		{F89A3117-BCF8-4AED-8004-E64C70B239DC}.Release|Any CPU.ActiveCfg = Release|Any CPU
		{F89A3117-BCF8-4AED-8004-E64C70B239DC}.Release|Any CPU.Build.0 = Release|Any CPU
		{F89A3117-BCF8-4AED-8004-E64C70B239DC}.Release|Mixed Platforms.ActiveCfg = Release|Any CPU
		{F89A3117-BCF8-4AED-8004-E64C70B239DC}.Release|Mixed Platforms.Build.0 = Release|Any CPU
		{F89A3117-BCF8-4AED-8004-E64C70B239DC}.Release|x86.ActiveCfg = Release|Any CPU
		{F89A3117-BCF8-4AED-8004-E64C70B239DC}.SessionConfigOnly|Any CPU.ActiveCfg = SessionConfigOnly|Any CPU
		{F89A3117-BCF8-4AED-8004-E64C70B239DC}.SessionConfigOnly|Any CPU.Build.0 = SessionConfigOnly|Any CPU
		{F89A3117-BCF8-4AED-8004-E64C70B239DC}.SessionConfigOnly|Mixed Platforms.ActiveCfg = SessionConfigOnly|Any CPU
		{F89A3117-BCF8-4AED-8004-E64C70B239DC}.SessionConfigOnly|Mixed Platforms.Build.0 = SessionConfigOnly|Any CPU
		{F89A3117-BCF8-4AED-8004-E64C70B239DC}.SessionConfigOnly|x86.ActiveCfg = SessionConfigOnly|Any CPU
		{6F00ACEA-225C-46F4-BDC3-8709FFC25167}.Debug|Any CPU.ActiveCfg = Debug|x86
		{6F00ACEA-225C-46F4-BDC3-8709FFC25167}.Debug|Mixed Platforms.ActiveCfg = Debug|x86
		{6F00ACEA-225C-46F4-BDC3-8709FFC25167}.Debug|Mixed Platforms.Build.0 = Debug|x86
		{6F00ACEA-225C-46F4-BDC3-8709FFC25167}.Debug|x86.ActiveCfg = Debug|x86
		{6F00ACEA-225C-46F4-BDC3-8709FFC25167}.Debug|x86.Build.0 = Debug|x86
		{6F00ACEA-225C-46F4-BDC3-8709FFC25167}.ProdUIOnly|Any CPU.ActiveCfg = ProdUIOnly|x86
		{6F00ACEA-225C-46F4-BDC3-8709FFC25167}.ProdUIOnly|Mixed Platforms.ActiveCfg = ProdUIOnly|x86
		{6F00ACEA-225C-46F4-BDC3-8709FFC25167}.ProdUIOnly|Mixed Platforms.Build.0 = ProdUIOnly|x86
		{6F00ACEA-225C-46F4-BDC3-8709FFC25167}.ProdUIOnly|x86.ActiveCfg = ProdUIOnly|x86
		{6F00ACEA-225C-46F4-BDC3-8709FFC25167}.ProdUIOnly|x86.Build.0 = ProdUIOnly|x86
		{6F00ACEA-225C-46F4-BDC3-8709FFC25167}.Release|Any CPU.ActiveCfg = Release|x86
		{6F00ACEA-225C-46F4-BDC3-8709FFC25167}.Release|Any CPU.Build.0 = Release|x86
		{6F00ACEA-225C-46F4-BDC3-8709FFC25167}.Release|Mixed Platforms.ActiveCfg = Release|x86
		{6F00ACEA-225C-46F4-BDC3-8709FFC25167}.Release|Mixed Platforms.Build.0 = Release|x86
		{6F00ACEA-225C-46F4-BDC3-8709FFC25167}.Release|x86.ActiveCfg = Release|x86
		{6F00ACEA-225C-46F4-BDC3-8709FFC25167}.Release|x86.Build.0 = Release|x86
		{6F00ACEA-225C-46F4-BDC3-8709FFC25167}.SessionConfigOnly|Any CPU.ActiveCfg = SessionConfigOnly|x86
		{6F00ACEA-225C-46F4-BDC3-8709FFC25167}.SessionConfigOnly|Mixed Platforms.ActiveCfg = SessionConfigOnly|x86
		{6F00ACEA-225C-46F4-BDC3-8709FFC25167}.SessionConfigOnly|Mixed Platforms.Build.0 = SessionConfigOnly|x86
		{6F00ACEA-225C-46F4-BDC3-8709FFC25167}.SessionConfigOnly|x86.ActiveCfg = SessionConfigOnly|x86
		{6F00ACEA-225C-46F4-BDC3-8709FFC25167}.SessionConfigOnly|x86.Build.0 = SessionConfigOnly|x86
	EndGlobalSection
	GlobalSection(SolutionProperties) = preSolution
		HideSolutionNode = FALSE
	EndGlobalSection
	GlobalSection(NestedProjects) = preSolution
		{0F27ACC5-72C2-4945-92AD-6A0B36E462F4} = {2D5DCD44-54E7-4174-89C1-9AC976376B3D}
		{B9A04CBC-55D1-4529-B1E6-18C8D2D1AC65} = {2D5DCD44-54E7-4174-89C1-9AC976376B3D}
		{E08BF88A-98B1-43AF-A9E0-44C6E5903BCD} = {2D5DCD44-54E7-4174-89C1-9AC976376B3D}
		{F89A3117-BCF8-4AED-8004-E64C70B239DC} = {2D5DCD44-54E7-4174-89C1-9AC976376B3D}
	EndGlobalSection
	GlobalSection(ExtensibilityGlobals) = postSolution
		BuildVersion_BuildVersioningStyle = None.None.Increment.TimeStamp
	EndGlobalSection
EndGlobal
