
Microsoft Visual Studio Solution File, Format Version 11.00
# Visual Studio 2010
Project("{FAE04EC0-301F-11D3-BF4B-00C04F79EFBC}") = "ProdEHLLAPI", "ProdEHLLAPI\ProdEHLLAPI.csproj", "{93F37741-2369-43A0-865A-8064E91F9101}"
EndProject
Project("{FAE04EC0-301F-11D3-BF4B-00C04F79EFBC}") = "DebugLogger", "ProdLoggers\DebugLogger\DebugLogger.csproj", "{F89A3117-BCF8-4AED-8004-E64C70B239DC}"
	ProjectSection(ProjectDependencies) = postProject
		{2492762B-8F57-4B58-AA8D-84FEF450EB60} = {2492762B-8F57-4B58-AA8D-84FEF450EB60}
	EndProjectSection
EndProject
Project("{FAE04EC0-301F-11D3-BF4B-00C04F79EFBC}") = "MboxLogger", "ProdLoggers\MboxLogger\MboxLogger.csproj", "{E08BF88A-98B1-43AF-A9E0-44C6E5903BCD}"
	ProjectSection(ProjectDependencies) = postProject
		{2492762B-8F57-4B58-AA8D-84FEF450EB60} = {2492762B-8F57-4B58-AA8D-84FEF450EB60}
	EndProjectSection
EndProject
Project("{FAE04EC0-301F-11D3-BF4B-00C04F79EFBC}") = "TextFileLogger", "ProdLoggers\TextFileLogger\TextFileLogger.csproj", "{B9A04CBC-55D1-4529-B1E6-18C8D2D1AC65}"
	ProjectSection(ProjectDependencies) = postProject
		{2492762B-8F57-4B58-AA8D-84FEF450EB60} = {2492762B-8F57-4B58-AA8D-84FEF450EB60}
	EndProjectSection
EndProject
Project("{FAE04EC0-301F-11D3-BF4B-00C04F79EFBC}") = "ProdUI", "ProdUI\ProdUI.csproj", "{2492762B-8F57-4B58-AA8D-84FEF450EB60}"
EndProject
Project("{FAE04EC0-301F-11D3-BF4B-00C04F79EFBC}") = "MapLib", "ProdUITools\MapLib\MapLib.csproj", "{6A960621-4C23-4E5D-B92D-7801C39866FC}"
EndProject
Project("{FAE04EC0-301F-11D3-BF4B-00C04F79EFBC}") = "ProdSessionConfiguration", "ProdUITools\ProdSessionConfiguration\ProdSessionConfiguration.csproj", "{6F00ACEA-225C-46F4-BDC3-8709FFC25167}"
	ProjectSection(ProjectDependencies) = postProject
		{F89A3117-BCF8-4AED-8004-E64C70B239DC} = {F89A3117-BCF8-4AED-8004-E64C70B239DC}
		{2492762B-8F57-4B58-AA8D-84FEF450EB60} = {2492762B-8F57-4B58-AA8D-84FEF450EB60}
		{E08BF88A-98B1-43AF-A9E0-44C6E5903BCD} = {E08BF88A-98B1-43AF-A9E0-44C6E5903BCD}
		{B9A04CBC-55D1-4529-B1E6-18C8D2D1AC65} = {B9A04CBC-55D1-4529-B1E6-18C8D2D1AC65}
	EndProjectSection
EndProject
Project("{FAE04EC0-301F-11D3-BF4B-00C04F79EFBC}") = "ProdSpy", "ProdUITools\ProdSpy\ProdSpy.csproj", "{AE092A77-AAE5-4E03-A059-8DB2A49F2987}"
	ProjectSection(ProjectDependencies) = postProject
		{2492762B-8F57-4B58-AA8D-84FEF450EB60} = {2492762B-8F57-4B58-AA8D-84FEF450EB60}
	EndProjectSection
EndProject
Project("{FAE04EC0-301F-11D3-BF4B-00C04F79EFBC}") = "WinMap", "ProdUITools\WinMap\WinMap.csproj", "{6B1817AB-C03B-4FC9-91A9-C7528E26E7BC}"
	ProjectSection(ProjectDependencies) = postProject
		{6A960621-4C23-4E5D-B92D-7801C39866FC} = {6A960621-4C23-4E5D-B92D-7801C39866FC}
	EndProjectSection
EndProject
Project("{2150E333-8FDC-42A3-9474-1A3956D46DE8}") = "Loggers", "Loggers", "{2D5DCD44-54E7-4174-89C1-9AC976376B3D}"
EndProject
Project("{2150E333-8FDC-42A3-9474-1A3956D46DE8}") = "Applications", "Applications", "{27AE70B7-B090-428A-BC3C-3CD3B4AE9E6E}"
EndProject
Project("{FAE04EC0-301F-11D3-BF4B-00C04F79EFBC}") = "ProdCodeGenerator", "ProdCodeGenerator\ProdCodeGenerator.csproj", "{3E2EB5DE-FE2B-408D-95C3-CBCC9E95B809}"
EndProject
Global
	GlobalSection(TeamFoundationVersionControl) = preSolution
		SccNumberOfProjects = 11
		SccEnterpriseProvider = {4CA58AB2-18FA-4F8D-95D4-32DDF27D184C}
		SccTeamFoundationServer = https://tfs.codeplex.com/tfs/tfs31
		SccProjectUniqueName0 = ProdEHLLAPI\\ProdEHLLAPI.csproj
		SccProjectName0 = ProdEHLLAPI
		SccLocalPath0 = ProdEHLLAPI
		SccLocalPath1 = .
		SccProjectUniqueName2 = ProdLoggers\\DebugLogger\\DebugLogger.csproj
		SccProjectTopLevelParentUniqueName2 = ProdUISystem.sln
		SccProjectName2 = ProdLoggers/DebugLogger
		SccLocalPath2 = ProdLoggers\\DebugLogger
		SccProjectUniqueName3 = ProdLoggers\\MboxLogger\\MboxLogger.csproj
		SccProjectTopLevelParentUniqueName3 = ProdUISystem.sln
		SccProjectName3 = ProdLoggers/MboxLogger
		SccLocalPath3 = ProdLoggers\\MboxLogger
		SccProjectUniqueName4 = ProdLoggers\\TextFileLogger\\TextFileLogger.csproj
		SccProjectTopLevelParentUniqueName4 = ProdUISystem.sln
		SccProjectName4 = ProdLoggers/TextFileLogger
		SccLocalPath4 = ProdLoggers\\TextFileLogger
		SccProjectUniqueName5 = ProdUI\\ProdUI.csproj
		SccProjectName5 = ProdUI
		SccLocalPath5 = ProdUI
		SccProjectUniqueName6 = ProdUITools\\MapLib\\MapLib.csproj
		SccProjectName6 = ProdUITools/MapLib
		SccLocalPath6 = ProdUITools\\MapLib
		SccProjectUniqueName7 = ProdUITools\\ProdSessionConfiguration\\ProdSessionConfiguration.csproj
		SccProjectTopLevelParentUniqueName7 = ProdUISystem.sln
		SccProjectName7 = ProdUITools/ProdSessionConfiguration
		SccLocalPath7 = ProdUITools\\ProdSessionConfiguration
		SccProjectUniqueName8 = ProdUITools\\ProdSpy\\ProdSpy.csproj
		SccProjectTopLevelParentUniqueName8 = ProdUISystem.sln
		SccProjectName8 = ProdUITools/ProdSpy
		SccLocalPath8 = ProdUITools\\ProdSpy
		SccProjectUniqueName9 = ProdUITools\\WinMap\\WinMap.csproj
		SccProjectTopLevelParentUniqueName9 = ProdUISystem.sln
		SccProjectName9 = ProdUITools/WinMap
		SccLocalPath9 = ProdUITools\\WinMap
		SccProjectUniqueName10 = ProdCodeGenerator\\ProdCodeGenerator.csproj
		SccProjectName10 = ProdCodeGenerator
		SccLocalPath10 = ProdCodeGenerator
	EndGlobalSection
	GlobalSection(SolutionConfigurationPlatforms) = preSolution
		Debug|Any CPU = Debug|Any CPU
		Debug|Mixed Platforms = Debug|Mixed Platforms
		Debug|x86 = Debug|x86
		ProdSpy|Any CPU = ProdSpy|Any CPU
		ProdSpy|Mixed Platforms = ProdSpy|Mixed Platforms
		ProdSpy|x86 = ProdSpy|x86
		ProdUIOnly|Any CPU = ProdUIOnly|Any CPU
		ProdUIOnly|Mixed Platforms = ProdUIOnly|Mixed Platforms
		ProdUIOnly|x86 = ProdUIOnly|x86
		Release|Any CPU = Release|Any CPU
		Release|Mixed Platforms = Release|Mixed Platforms
		Release|x86 = Release|x86
		SessionConfigOnly|Any CPU = SessionConfigOnly|Any CPU
		SessionConfigOnly|Mixed Platforms = SessionConfigOnly|Mixed Platforms
		SessionConfigOnly|x86 = SessionConfigOnly|x86
		UnitTesting|Any CPU = UnitTesting|Any CPU
		UnitTesting|Mixed Platforms = UnitTesting|Mixed Platforms
		UnitTesting|x86 = UnitTesting|x86
		WinMapOnly|Any CPU = WinMapOnly|Any CPU
		WinMapOnly|Mixed Platforms = WinMapOnly|Mixed Platforms
		WinMapOnly|x86 = WinMapOnly|x86
	EndGlobalSection
	GlobalSection(ProjectConfigurationPlatforms) = postSolution
		{93F37741-2369-43A0-865A-8064E91F9101}.Debug|Any CPU.ActiveCfg = Debug|Any CPU
		{93F37741-2369-43A0-865A-8064E91F9101}.Debug|Any CPU.Build.0 = Debug|Any CPU
		{93F37741-2369-43A0-865A-8064E91F9101}.Debug|Mixed Platforms.ActiveCfg = Debug|Any CPU
		{93F37741-2369-43A0-865A-8064E91F9101}.Debug|Mixed Platforms.Build.0 = Debug|Any CPU
		{93F37741-2369-43A0-865A-8064E91F9101}.Debug|x86.ActiveCfg = Debug|Any CPU
		{93F37741-2369-43A0-865A-8064E91F9101}.ProdSpy|Any CPU.ActiveCfg = Debug|Any CPU
		{93F37741-2369-43A0-865A-8064E91F9101}.ProdSpy|Mixed Platforms.ActiveCfg = ProdSpy|Any CPU
		{93F37741-2369-43A0-865A-8064E91F9101}.ProdSpy|Mixed Platforms.Build.0 = ProdSpy|Any CPU
		{93F37741-2369-43A0-865A-8064E91F9101}.ProdSpy|x86.ActiveCfg = ProdSpy|Any CPU
		{93F37741-2369-43A0-865A-8064E91F9101}.ProdUIOnly|Any CPU.ActiveCfg = Debug|Any CPU
		{93F37741-2369-43A0-865A-8064E91F9101}.ProdUIOnly|Any CPU.Build.0 = Debug|Any CPU
		{93F37741-2369-43A0-865A-8064E91F9101}.ProdUIOnly|Mixed Platforms.ActiveCfg = ProdUIOnly|Any CPU
		{93F37741-2369-43A0-865A-8064E91F9101}.ProdUIOnly|Mixed Platforms.Build.0 = ProdUIOnly|Any CPU
		{93F37741-2369-43A0-865A-8064E91F9101}.ProdUIOnly|x86.ActiveCfg = ProdUIOnly|Any CPU
		{93F37741-2369-43A0-865A-8064E91F9101}.Release|Any CPU.ActiveCfg = Release|Any CPU
		{93F37741-2369-43A0-865A-8064E91F9101}.Release|Any CPU.Build.0 = Release|Any CPU
		{93F37741-2369-43A0-865A-8064E91F9101}.Release|Mixed Platforms.ActiveCfg = Release|Any CPU
		{93F37741-2369-43A0-865A-8064E91F9101}.Release|Mixed Platforms.Build.0 = Release|Any CPU
		{93F37741-2369-43A0-865A-8064E91F9101}.Release|x86.ActiveCfg = Release|Any CPU
		{93F37741-2369-43A0-865A-8064E91F9101}.SessionConfigOnly|Any CPU.ActiveCfg = Debug|Any CPU
		{93F37741-2369-43A0-865A-8064E91F9101}.SessionConfigOnly|Mixed Platforms.ActiveCfg = SessionConfigOnly|Any CPU
		{93F37741-2369-43A0-865A-8064E91F9101}.SessionConfigOnly|Mixed Platforms.Build.0 = SessionConfigOnly|Any CPU
		{93F37741-2369-43A0-865A-8064E91F9101}.SessionConfigOnly|x86.ActiveCfg = SessionConfigOnly|Any CPU
		{93F37741-2369-43A0-865A-8064E91F9101}.UnitTesting|Any CPU.ActiveCfg = UnitTesting|Any CPU
		{93F37741-2369-43A0-865A-8064E91F9101}.UnitTesting|Any CPU.Build.0 = UnitTesting|Any CPU
		{93F37741-2369-43A0-865A-8064E91F9101}.UnitTesting|Mixed Platforms.ActiveCfg = UnitTesting|Any CPU
		{93F37741-2369-43A0-865A-8064E91F9101}.UnitTesting|Mixed Platforms.Build.0 = UnitTesting|Any CPU
		{93F37741-2369-43A0-865A-8064E91F9101}.UnitTesting|x86.ActiveCfg = UnitTesting|Any CPU
		{93F37741-2369-43A0-865A-8064E91F9101}.WinMapOnly|Any CPU.ActiveCfg = Debug|Any CPU
		{93F37741-2369-43A0-865A-8064E91F9101}.WinMapOnly|Mixed Platforms.ActiveCfg = WinMapOnly|Any CPU
		{93F37741-2369-43A0-865A-8064E91F9101}.WinMapOnly|Mixed Platforms.Build.0 = WinMapOnly|Any CPU
		{93F37741-2369-43A0-865A-8064E91F9101}.WinMapOnly|x86.ActiveCfg = WinMapOnly|Any CPU
		{F89A3117-BCF8-4AED-8004-E64C70B239DC}.Debug|Any CPU.ActiveCfg = Debug|Any CPU
		{F89A3117-BCF8-4AED-8004-E64C70B239DC}.Debug|Any CPU.Build.0 = Debug|Any CPU
		{F89A3117-BCF8-4AED-8004-E64C70B239DC}.Debug|Mixed Platforms.ActiveCfg = Debug|Any CPU
		{F89A3117-BCF8-4AED-8004-E64C70B239DC}.Debug|Mixed Platforms.Build.0 = Debug|Any CPU
		{F89A3117-BCF8-4AED-8004-E64C70B239DC}.Debug|x86.ActiveCfg = Debug|Any CPU
		{F89A3117-BCF8-4AED-8004-E64C70B239DC}.ProdSpy|Any CPU.ActiveCfg = Debug|Any CPU
		{F89A3117-BCF8-4AED-8004-E64C70B239DC}.ProdSpy|Mixed Platforms.ActiveCfg = ProdUIOnly|Any CPU
		{F89A3117-BCF8-4AED-8004-E64C70B239DC}.ProdSpy|Mixed Platforms.Build.0 = ProdUIOnly|Any CPU
		{F89A3117-BCF8-4AED-8004-E64C70B239DC}.ProdSpy|x86.ActiveCfg = ProdUIOnly|Any CPU
		{F89A3117-BCF8-4AED-8004-E64C70B239DC}.ProdUIOnly|Any CPU.ActiveCfg = Debug|Any CPU
		{F89A3117-BCF8-4AED-8004-E64C70B239DC}.ProdUIOnly|Any CPU.Build.0 = Debug|Any CPU
		{F89A3117-BCF8-4AED-8004-E64C70B239DC}.ProdUIOnly|Mixed Platforms.ActiveCfg = ProdUIOnly|Any CPU
		{F89A3117-BCF8-4AED-8004-E64C70B239DC}.ProdUIOnly|Mixed Platforms.Build.0 = ProdUIOnly|Any CPU
		{F89A3117-BCF8-4AED-8004-E64C70B239DC}.ProdUIOnly|x86.ActiveCfg = ProdUIOnly|Any CPU
		{F89A3117-BCF8-4AED-8004-E64C70B239DC}.Release|Any CPU.ActiveCfg = Release|Any CPU
		{F89A3117-BCF8-4AED-8004-E64C70B239DC}.Release|Any CPU.Build.0 = Release|Any CPU
		{F89A3117-BCF8-4AED-8004-E64C70B239DC}.Release|Mixed Platforms.ActiveCfg = Release|Any CPU
		{F89A3117-BCF8-4AED-8004-E64C70B239DC}.Release|Mixed Platforms.Build.0 = Release|Any CPU
		{F89A3117-BCF8-4AED-8004-E64C70B239DC}.Release|x86.ActiveCfg = Release|Any CPU
		{F89A3117-BCF8-4AED-8004-E64C70B239DC}.SessionConfigOnly|Any CPU.ActiveCfg = Debug|Any CPU
		{F89A3117-BCF8-4AED-8004-E64C70B239DC}.SessionConfigOnly|Mixed Platforms.ActiveCfg = SessionConfigOnly|Any CPU
		{F89A3117-BCF8-4AED-8004-E64C70B239DC}.SessionConfigOnly|Mixed Platforms.Build.0 = SessionConfigOnly|Any CPU
		{F89A3117-BCF8-4AED-8004-E64C70B239DC}.SessionConfigOnly|x86.ActiveCfg = SessionConfigOnly|Any CPU
		{F89A3117-BCF8-4AED-8004-E64C70B239DC}.UnitTesting|Any CPU.ActiveCfg = SessionConfigOnly|Any CPU
		{F89A3117-BCF8-4AED-8004-E64C70B239DC}.UnitTesting|Any CPU.Build.0 = SessionConfigOnly|Any CPU
		{F89A3117-BCF8-4AED-8004-E64C70B239DC}.UnitTesting|Mixed Platforms.ActiveCfg = SessionConfigOnly|Any CPU
		{F89A3117-BCF8-4AED-8004-E64C70B239DC}.UnitTesting|Mixed Platforms.Build.0 = SessionConfigOnly|Any CPU
		{F89A3117-BCF8-4AED-8004-E64C70B239DC}.UnitTesting|x86.ActiveCfg = SessionConfigOnly|Any CPU
		{F89A3117-BCF8-4AED-8004-E64C70B239DC}.WinMapOnly|Any CPU.ActiveCfg = Debug|Any CPU
		{F89A3117-BCF8-4AED-8004-E64C70B239DC}.WinMapOnly|Mixed Platforms.ActiveCfg = WinMapOnly|Any CPU
		{F89A3117-BCF8-4AED-8004-E64C70B239DC}.WinMapOnly|Mixed Platforms.Build.0 = WinMapOnly|Any CPU
		{F89A3117-BCF8-4AED-8004-E64C70B239DC}.WinMapOnly|x86.ActiveCfg = WinMapOnly|Any CPU
		{E08BF88A-98B1-43AF-A9E0-44C6E5903BCD}.Debug|Any CPU.ActiveCfg = Debug|Any CPU
		{E08BF88A-98B1-43AF-A9E0-44C6E5903BCD}.Debug|Any CPU.Build.0 = Debug|Any CPU
		{E08BF88A-98B1-43AF-A9E0-44C6E5903BCD}.Debug|Mixed Platforms.ActiveCfg = Debug|Any CPU
		{E08BF88A-98B1-43AF-A9E0-44C6E5903BCD}.Debug|Mixed Platforms.Build.0 = Debug|Any CPU
		{E08BF88A-98B1-43AF-A9E0-44C6E5903BCD}.Debug|x86.ActiveCfg = Debug|Any CPU
		{E08BF88A-98B1-43AF-A9E0-44C6E5903BCD}.ProdSpy|Any CPU.ActiveCfg = Debug|Any CPU
		{E08BF88A-98B1-43AF-A9E0-44C6E5903BCD}.ProdSpy|Mixed Platforms.ActiveCfg = ProdUIOnly|Any CPU
		{E08BF88A-98B1-43AF-A9E0-44C6E5903BCD}.ProdSpy|Mixed Platforms.Build.0 = ProdUIOnly|Any CPU
		{E08BF88A-98B1-43AF-A9E0-44C6E5903BCD}.ProdSpy|x86.ActiveCfg = ProdUIOnly|Any CPU
		{E08BF88A-98B1-43AF-A9E0-44C6E5903BCD}.ProdUIOnly|Any CPU.ActiveCfg = Debug|Any CPU
		{E08BF88A-98B1-43AF-A9E0-44C6E5903BCD}.ProdUIOnly|Any CPU.Build.0 = Debug|Any CPU
		{E08BF88A-98B1-43AF-A9E0-44C6E5903BCD}.ProdUIOnly|Mixed Platforms.ActiveCfg = ProdUIOnly|Any CPU
		{E08BF88A-98B1-43AF-A9E0-44C6E5903BCD}.ProdUIOnly|Mixed Platforms.Build.0 = ProdUIOnly|Any CPU
		{E08BF88A-98B1-43AF-A9E0-44C6E5903BCD}.ProdUIOnly|x86.ActiveCfg = ProdUIOnly|Any CPU
		{E08BF88A-98B1-43AF-A9E0-44C6E5903BCD}.Release|Any CPU.ActiveCfg = Release|Any CPU
		{E08BF88A-98B1-43AF-A9E0-44C6E5903BCD}.Release|Any CPU.Build.0 = Release|Any CPU
		{E08BF88A-98B1-43AF-A9E0-44C6E5903BCD}.Release|Mixed Platforms.ActiveCfg = Release|Any CPU
		{E08BF88A-98B1-43AF-A9E0-44C6E5903BCD}.Release|Mixed Platforms.Build.0 = Release|Any CPU
		{E08BF88A-98B1-43AF-A9E0-44C6E5903BCD}.Release|x86.ActiveCfg = Release|Any CPU
		{E08BF88A-98B1-43AF-A9E0-44C6E5903BCD}.SessionConfigOnly|Any CPU.ActiveCfg = Debug|Any CPU
		{E08BF88A-98B1-43AF-A9E0-44C6E5903BCD}.SessionConfigOnly|Mixed Platforms.ActiveCfg = SessionConfigOnly|Any CPU
		{E08BF88A-98B1-43AF-A9E0-44C6E5903BCD}.SessionConfigOnly|Mixed Platforms.Build.0 = SessionConfigOnly|Any CPU
		{E08BF88A-98B1-43AF-A9E0-44C6E5903BCD}.SessionConfigOnly|x86.ActiveCfg = SessionConfigOnly|Any CPU
		{E08BF88A-98B1-43AF-A9E0-44C6E5903BCD}.UnitTesting|Any CPU.ActiveCfg = SessionConfigOnly|Any CPU
		{E08BF88A-98B1-43AF-A9E0-44C6E5903BCD}.UnitTesting|Any CPU.Build.0 = SessionConfigOnly|Any CPU
		{E08BF88A-98B1-43AF-A9E0-44C6E5903BCD}.UnitTesting|Mixed Platforms.ActiveCfg = SessionConfigOnly|Any CPU
		{E08BF88A-98B1-43AF-A9E0-44C6E5903BCD}.UnitTesting|Mixed Platforms.Build.0 = SessionConfigOnly|Any CPU
		{E08BF88A-98B1-43AF-A9E0-44C6E5903BCD}.UnitTesting|x86.ActiveCfg = SessionConfigOnly|Any CPU
		{E08BF88A-98B1-43AF-A9E0-44C6E5903BCD}.WinMapOnly|Any CPU.ActiveCfg = Debug|Any CPU
		{E08BF88A-98B1-43AF-A9E0-44C6E5903BCD}.WinMapOnly|Mixed Platforms.ActiveCfg = WinMapOnly|Any CPU
		{E08BF88A-98B1-43AF-A9E0-44C6E5903BCD}.WinMapOnly|Mixed Platforms.Build.0 = WinMapOnly|Any CPU
		{E08BF88A-98B1-43AF-A9E0-44C6E5903BCD}.WinMapOnly|x86.ActiveCfg = WinMapOnly|Any CPU
		{B9A04CBC-55D1-4529-B1E6-18C8D2D1AC65}.Debug|Any CPU.ActiveCfg = Debug|Any CPU
		{B9A04CBC-55D1-4529-B1E6-18C8D2D1AC65}.Debug|Any CPU.Build.0 = Debug|Any CPU
		{B9A04CBC-55D1-4529-B1E6-18C8D2D1AC65}.Debug|Mixed Platforms.ActiveCfg = Debug|Any CPU
		{B9A04CBC-55D1-4529-B1E6-18C8D2D1AC65}.Debug|Mixed Platforms.Build.0 = Debug|Any CPU
		{B9A04CBC-55D1-4529-B1E6-18C8D2D1AC65}.Debug|x86.ActiveCfg = Debug|Any CPU
		{B9A04CBC-55D1-4529-B1E6-18C8D2D1AC65}.ProdSpy|Any CPU.ActiveCfg = Debug|Any CPU
		{B9A04CBC-55D1-4529-B1E6-18C8D2D1AC65}.ProdSpy|Mixed Platforms.ActiveCfg = ProdUIOnly|Any CPU
		{B9A04CBC-55D1-4529-B1E6-18C8D2D1AC65}.ProdSpy|Mixed Platforms.Build.0 = ProdUIOnly|Any CPU
		{B9A04CBC-55D1-4529-B1E6-18C8D2D1AC65}.ProdSpy|x86.ActiveCfg = ProdUIOnly|Any CPU
		{B9A04CBC-55D1-4529-B1E6-18C8D2D1AC65}.ProdUIOnly|Any CPU.ActiveCfg = Debug|Any CPU
		{B9A04CBC-55D1-4529-B1E6-18C8D2D1AC65}.ProdUIOnly|Any CPU.Build.0 = Debug|Any CPU
		{B9A04CBC-55D1-4529-B1E6-18C8D2D1AC65}.ProdUIOnly|Mixed Platforms.ActiveCfg = ProdUIOnly|Any CPU
		{B9A04CBC-55D1-4529-B1E6-18C8D2D1AC65}.ProdUIOnly|Mixed Platforms.Build.0 = ProdUIOnly|Any CPU
		{B9A04CBC-55D1-4529-B1E6-18C8D2D1AC65}.ProdUIOnly|x86.ActiveCfg = ProdUIOnly|Any CPU
		{B9A04CBC-55D1-4529-B1E6-18C8D2D1AC65}.Release|Any CPU.ActiveCfg = Release|Any CPU
		{B9A04CBC-55D1-4529-B1E6-18C8D2D1AC65}.Release|Any CPU.Build.0 = Release|Any CPU
		{B9A04CBC-55D1-4529-B1E6-18C8D2D1AC65}.Release|Mixed Platforms.ActiveCfg = Release|Any CPU
		{B9A04CBC-55D1-4529-B1E6-18C8D2D1AC65}.Release|Mixed Platforms.Build.0 = Release|Any CPU
		{B9A04CBC-55D1-4529-B1E6-18C8D2D1AC65}.Release|x86.ActiveCfg = Release|Any CPU
		{B9A04CBC-55D1-4529-B1E6-18C8D2D1AC65}.SessionConfigOnly|Any CPU.ActiveCfg = Debug|Any CPU
		{B9A04CBC-55D1-4529-B1E6-18C8D2D1AC65}.SessionConfigOnly|Mixed Platforms.ActiveCfg = SessionConfigOnly|Any CPU
		{B9A04CBC-55D1-4529-B1E6-18C8D2D1AC65}.SessionConfigOnly|Mixed Platforms.Build.0 = SessionConfigOnly|Any CPU
		{B9A04CBC-55D1-4529-B1E6-18C8D2D1AC65}.SessionConfigOnly|x86.ActiveCfg = SessionConfigOnly|Any CPU
		{B9A04CBC-55D1-4529-B1E6-18C8D2D1AC65}.UnitTesting|Any CPU.ActiveCfg = SessionConfigOnly|Any CPU
		{B9A04CBC-55D1-4529-B1E6-18C8D2D1AC65}.UnitTesting|Any CPU.Build.0 = SessionConfigOnly|Any CPU
		{B9A04CBC-55D1-4529-B1E6-18C8D2D1AC65}.UnitTesting|Mixed Platforms.ActiveCfg = SessionConfigOnly|Any CPU
		{B9A04CBC-55D1-4529-B1E6-18C8D2D1AC65}.UnitTesting|Mixed Platforms.Build.0 = SessionConfigOnly|Any CPU
		{B9A04CBC-55D1-4529-B1E6-18C8D2D1AC65}.UnitTesting|x86.ActiveCfg = SessionConfigOnly|Any CPU
		{B9A04CBC-55D1-4529-B1E6-18C8D2D1AC65}.WinMapOnly|Any CPU.ActiveCfg = Debug|Any CPU
		{B9A04CBC-55D1-4529-B1E6-18C8D2D1AC65}.WinMapOnly|Mixed Platforms.ActiveCfg = WinMapOnly|Any CPU
		{B9A04CBC-55D1-4529-B1E6-18C8D2D1AC65}.WinMapOnly|Mixed Platforms.Build.0 = WinMapOnly|Any CPU
		{B9A04CBC-55D1-4529-B1E6-18C8D2D1AC65}.WinMapOnly|x86.ActiveCfg = WinMapOnly|Any CPU
		{2492762B-8F57-4B58-AA8D-84FEF450EB60}.Debug|Any CPU.ActiveCfg = Debug|Any CPU
		{2492762B-8F57-4B58-AA8D-84FEF450EB60}.Debug|Any CPU.Build.0 = Debug|Any CPU
		{2492762B-8F57-4B58-AA8D-84FEF450EB60}.Debug|Mixed Platforms.ActiveCfg = Debug|Any CPU
		{2492762B-8F57-4B58-AA8D-84FEF450EB60}.Debug|Mixed Platforms.Build.0 = Debug|Any CPU
		{2492762B-8F57-4B58-AA8D-84FEF450EB60}.Debug|x86.ActiveCfg = Debug|Any CPU
		{2492762B-8F57-4B58-AA8D-84FEF450EB60}.ProdSpy|Any CPU.ActiveCfg = Debug|Any CPU
		{2492762B-8F57-4B58-AA8D-84FEF450EB60}.ProdSpy|Any CPU.Build.0 = Debug|Any CPU
		{2492762B-8F57-4B58-AA8D-84FEF450EB60}.ProdSpy|Mixed Platforms.ActiveCfg = ProdUIOnly|Any CPU
		{2492762B-8F57-4B58-AA8D-84FEF450EB60}.ProdSpy|Mixed Platforms.Build.0 = ProdUIOnly|Any CPU
		{2492762B-8F57-4B58-AA8D-84FEF450EB60}.ProdSpy|x86.ActiveCfg = ProdUIOnly|Any CPU
		{2492762B-8F57-4B58-AA8D-84FEF450EB60}.ProdUIOnly|Any CPU.ActiveCfg = Debug|Any CPU
		{2492762B-8F57-4B58-AA8D-84FEF450EB60}.ProdUIOnly|Any CPU.Build.0 = Debug|Any CPU
		{2492762B-8F57-4B58-AA8D-84FEF450EB60}.ProdUIOnly|Mixed Platforms.ActiveCfg = ProdUIOnly|Any CPU
		{2492762B-8F57-4B58-AA8D-84FEF450EB60}.ProdUIOnly|Mixed Platforms.Build.0 = ProdUIOnly|Any CPU
		{2492762B-8F57-4B58-AA8D-84FEF450EB60}.ProdUIOnly|x86.ActiveCfg = ProdUIOnly|Any CPU
		{2492762B-8F57-4B58-AA8D-84FEF450EB60}.Release|Any CPU.ActiveCfg = Release|Any CPU
		{2492762B-8F57-4B58-AA8D-84FEF450EB60}.Release|Any CPU.Build.0 = Release|Any CPU
		{2492762B-8F57-4B58-AA8D-84FEF450EB60}.Release|Mixed Platforms.ActiveCfg = Release|Any CPU
		{2492762B-8F57-4B58-AA8D-84FEF450EB60}.Release|Mixed Platforms.Build.0 = Release|Any CPU
		{2492762B-8F57-4B58-AA8D-84FEF450EB60}.Release|x86.ActiveCfg = Release|Any CPU
		{2492762B-8F57-4B58-AA8D-84FEF450EB60}.SessionConfigOnly|Any CPU.ActiveCfg = Debug|Any CPU
		{2492762B-8F57-4B58-AA8D-84FEF450EB60}.SessionConfigOnly|Any CPU.Build.0 = Debug|Any CPU
		{2492762B-8F57-4B58-AA8D-84FEF450EB60}.SessionConfigOnly|Mixed Platforms.ActiveCfg = SessionConfigOnly|Any CPU
		{2492762B-8F57-4B58-AA8D-84FEF450EB60}.SessionConfigOnly|Mixed Platforms.Build.0 = SessionConfigOnly|Any CPU
		{2492762B-8F57-4B58-AA8D-84FEF450EB60}.SessionConfigOnly|x86.ActiveCfg = SessionConfigOnly|Any CPU
		{2492762B-8F57-4B58-AA8D-84FEF450EB60}.UnitTesting|Any CPU.ActiveCfg = SessionConfigOnly|Any CPU
		{2492762B-8F57-4B58-AA8D-84FEF450EB60}.UnitTesting|Any CPU.Build.0 = SessionConfigOnly|Any CPU
		{2492762B-8F57-4B58-AA8D-84FEF450EB60}.UnitTesting|Mixed Platforms.ActiveCfg = SessionConfigOnly|Any CPU
		{2492762B-8F57-4B58-AA8D-84FEF450EB60}.UnitTesting|Mixed Platforms.Build.0 = SessionConfigOnly|Any CPU
		{2492762B-8F57-4B58-AA8D-84FEF450EB60}.UnitTesting|x86.ActiveCfg = SessionConfigOnly|Any CPU
		{2492762B-8F57-4B58-AA8D-84FEF450EB60}.WinMapOnly|Any CPU.ActiveCfg = Debug|Any CPU
		{2492762B-8F57-4B58-AA8D-84FEF450EB60}.WinMapOnly|Mixed Platforms.ActiveCfg = WinMapOnly|Any CPU
		{2492762B-8F57-4B58-AA8D-84FEF450EB60}.WinMapOnly|Mixed Platforms.Build.0 = WinMapOnly|Any CPU
		{2492762B-8F57-4B58-AA8D-84FEF450EB60}.WinMapOnly|x86.ActiveCfg = WinMapOnly|Any CPU
		{6A960621-4C23-4E5D-B92D-7801C39866FC}.Debug|Any CPU.ActiveCfg = Debug|Any CPU
		{6A960621-4C23-4E5D-B92D-7801C39866FC}.Debug|Any CPU.Build.0 = Debug|Any CPU
		{6A960621-4C23-4E5D-B92D-7801C39866FC}.Debug|Mixed Platforms.ActiveCfg = Debug|Any CPU
		{6A960621-4C23-4E5D-B92D-7801C39866FC}.Debug|Mixed Platforms.Build.0 = Debug|Any CPU
		{6A960621-4C23-4E5D-B92D-7801C39866FC}.Debug|x86.ActiveCfg = Debug|Any CPU
		{6A960621-4C23-4E5D-B92D-7801C39866FC}.ProdSpy|Any CPU.ActiveCfg = Debug|Any CPU
		{6A960621-4C23-4E5D-B92D-7801C39866FC}.ProdSpy|Mixed Platforms.ActiveCfg = ProdUIOnly|Any CPU
		{6A960621-4C23-4E5D-B92D-7801C39866FC}.ProdSpy|Mixed Platforms.Build.0 = ProdUIOnly|Any CPU
		{6A960621-4C23-4E5D-B92D-7801C39866FC}.ProdSpy|x86.ActiveCfg = ProdUIOnly|Any CPU
		{6A960621-4C23-4E5D-B92D-7801C39866FC}.ProdUIOnly|Any CPU.ActiveCfg = Debug|Any CPU
		{6A960621-4C23-4E5D-B92D-7801C39866FC}.ProdUIOnly|Mixed Platforms.ActiveCfg = ProdUIOnly|Any CPU
		{6A960621-4C23-4E5D-B92D-7801C39866FC}.ProdUIOnly|x86.ActiveCfg = ProdUIOnly|Any CPU
		{6A960621-4C23-4E5D-B92D-7801C39866FC}.Release|Any CPU.ActiveCfg = Release|Any CPU
		{6A960621-4C23-4E5D-B92D-7801C39866FC}.Release|Any CPU.Build.0 = Release|Any CPU
		{6A960621-4C23-4E5D-B92D-7801C39866FC}.Release|Mixed Platforms.ActiveCfg = Release|Any CPU
		{6A960621-4C23-4E5D-B92D-7801C39866FC}.Release|Mixed Platforms.Build.0 = Release|Any CPU
		{6A960621-4C23-4E5D-B92D-7801C39866FC}.Release|x86.ActiveCfg = Release|Any CPU
		{6A960621-4C23-4E5D-B92D-7801C39866FC}.SessionConfigOnly|Any CPU.ActiveCfg = Debug|Any CPU
		{6A960621-4C23-4E5D-B92D-7801C39866FC}.SessionConfigOnly|Mixed Platforms.ActiveCfg = SessionConfigOnly|Any CPU
		{6A960621-4C23-4E5D-B92D-7801C39866FC}.SessionConfigOnly|Mixed Platforms.Build.0 = SessionConfigOnly|Any CPU
		{6A960621-4C23-4E5D-B92D-7801C39866FC}.SessionConfigOnly|x86.ActiveCfg = SessionConfigOnly|Any CPU
		{6A960621-4C23-4E5D-B92D-7801C39866FC}.UnitTesting|Any CPU.ActiveCfg = SessionConfigOnly|Any CPU
		{6A960621-4C23-4E5D-B92D-7801C39866FC}.UnitTesting|Any CPU.Build.0 = SessionConfigOnly|Any CPU
		{6A960621-4C23-4E5D-B92D-7801C39866FC}.UnitTesting|Mixed Platforms.ActiveCfg = SessionConfigOnly|Any CPU
		{6A960621-4C23-4E5D-B92D-7801C39866FC}.UnitTesting|Mixed Platforms.Build.0 = SessionConfigOnly|Any CPU
		{6A960621-4C23-4E5D-B92D-7801C39866FC}.UnitTesting|x86.ActiveCfg = SessionConfigOnly|Any CPU
		{6A960621-4C23-4E5D-B92D-7801C39866FC}.WinMapOnly|Any CPU.ActiveCfg = Debug|Any CPU
		{6A960621-4C23-4E5D-B92D-7801C39866FC}.WinMapOnly|Any CPU.Build.0 = Debug|Any CPU
		{6A960621-4C23-4E5D-B92D-7801C39866FC}.WinMapOnly|Mixed Platforms.ActiveCfg = WinMapOnly|Any CPU
		{6A960621-4C23-4E5D-B92D-7801C39866FC}.WinMapOnly|Mixed Platforms.Build.0 = WinMapOnly|Any CPU
		{6A960621-4C23-4E5D-B92D-7801C39866FC}.WinMapOnly|x86.ActiveCfg = WinMapOnly|Any CPU
		{6F00ACEA-225C-46F4-BDC3-8709FFC25167}.Debug|Any CPU.ActiveCfg = Debug|x86
		{6F00ACEA-225C-46F4-BDC3-8709FFC25167}.Debug|Any CPU.Build.0 = Debug|x86
		{6F00ACEA-225C-46F4-BDC3-8709FFC25167}.Debug|Mixed Platforms.ActiveCfg = Debug|x86
		{6F00ACEA-225C-46F4-BDC3-8709FFC25167}.Debug|Mixed Platforms.Build.0 = Debug|x86
		{6F00ACEA-225C-46F4-BDC3-8709FFC25167}.Debug|x86.ActiveCfg = Debug|x86
		{6F00ACEA-225C-46F4-BDC3-8709FFC25167}.Debug|x86.Build.0 = Debug|x86
		{6F00ACEA-225C-46F4-BDC3-8709FFC25167}.ProdSpy|Any CPU.ActiveCfg = Debug|x86
		{6F00ACEA-225C-46F4-BDC3-8709FFC25167}.ProdSpy|Mixed Platforms.ActiveCfg = ProdSpy|x86
		{6F00ACEA-225C-46F4-BDC3-8709FFC25167}.ProdSpy|Mixed Platforms.Build.0 = ProdSpy|x86
		{6F00ACEA-225C-46F4-BDC3-8709FFC25167}.ProdSpy|x86.ActiveCfg = ProdSpy|x86
		{6F00ACEA-225C-46F4-BDC3-8709FFC25167}.ProdSpy|x86.Build.0 = ProdSpy|x86
		{6F00ACEA-225C-46F4-BDC3-8709FFC25167}.ProdUIOnly|Any CPU.ActiveCfg = Debug|x86
		{6F00ACEA-225C-46F4-BDC3-8709FFC25167}.ProdUIOnly|Mixed Platforms.ActiveCfg = ProdUIOnly|x86
		{6F00ACEA-225C-46F4-BDC3-8709FFC25167}.ProdUIOnly|x86.ActiveCfg = ProdUIOnly|x86
		{6F00ACEA-225C-46F4-BDC3-8709FFC25167}.ProdUIOnly|x86.Build.0 = ProdUIOnly|x86
		{6F00ACEA-225C-46F4-BDC3-8709FFC25167}.Release|Any CPU.ActiveCfg = Release|x86
		{6F00ACEA-225C-46F4-BDC3-8709FFC25167}.Release|Any CPU.Build.0 = Release|x86
		{6F00ACEA-225C-46F4-BDC3-8709FFC25167}.Release|Mixed Platforms.ActiveCfg = Release|x86
		{6F00ACEA-225C-46F4-BDC3-8709FFC25167}.Release|Mixed Platforms.Build.0 = Release|x86
		{6F00ACEA-225C-46F4-BDC3-8709FFC25167}.Release|x86.ActiveCfg = Release|x86
		{6F00ACEA-225C-46F4-BDC3-8709FFC25167}.Release|x86.Build.0 = Release|x86
		{6F00ACEA-225C-46F4-BDC3-8709FFC25167}.SessionConfigOnly|Any CPU.ActiveCfg = Debug|x86
		{6F00ACEA-225C-46F4-BDC3-8709FFC25167}.SessionConfigOnly|Any CPU.Build.0 = Debug|x86
		{6F00ACEA-225C-46F4-BDC3-8709FFC25167}.SessionConfigOnly|Mixed Platforms.ActiveCfg = SessionConfigOnly|x86
		{6F00ACEA-225C-46F4-BDC3-8709FFC25167}.SessionConfigOnly|Mixed Platforms.Build.0 = SessionConfigOnly|x86
		{6F00ACEA-225C-46F4-BDC3-8709FFC25167}.SessionConfigOnly|x86.ActiveCfg = SessionConfigOnly|x86
		{6F00ACEA-225C-46F4-BDC3-8709FFC25167}.SessionConfigOnly|x86.Build.0 = SessionConfigOnly|x86
		{6F00ACEA-225C-46F4-BDC3-8709FFC25167}.UnitTesting|Any CPU.ActiveCfg = UnitTesting|x86
		{6F00ACEA-225C-46F4-BDC3-8709FFC25167}.UnitTesting|Mixed Platforms.ActiveCfg = UnitTesting|x86
		{6F00ACEA-225C-46F4-BDC3-8709FFC25167}.UnitTesting|Mixed Platforms.Build.0 = UnitTesting|x86
		{6F00ACEA-225C-46F4-BDC3-8709FFC25167}.UnitTesting|x86.ActiveCfg = UnitTesting|x86
		{6F00ACEA-225C-46F4-BDC3-8709FFC25167}.UnitTesting|x86.Build.0 = UnitTesting|x86
		{6F00ACEA-225C-46F4-BDC3-8709FFC25167}.WinMapOnly|Any CPU.ActiveCfg = Debug|x86
		{6F00ACEA-225C-46F4-BDC3-8709FFC25167}.WinMapOnly|Mixed Platforms.ActiveCfg = WinMapOnly|x86
		{6F00ACEA-225C-46F4-BDC3-8709FFC25167}.WinMapOnly|Mixed Platforms.Build.0 = WinMapOnly|x86
		{6F00ACEA-225C-46F4-BDC3-8709FFC25167}.WinMapOnly|x86.ActiveCfg = WinMapOnly|x86
		{6F00ACEA-225C-46F4-BDC3-8709FFC25167}.WinMapOnly|x86.Build.0 = WinMapOnly|x86
		{AE092A77-AAE5-4E03-A059-8DB2A49F2987}.Debug|Any CPU.ActiveCfg = Debug|Any CPU
		{AE092A77-AAE5-4E03-A059-8DB2A49F2987}.Debug|Any CPU.Build.0 = Debug|Any CPU
		{AE092A77-AAE5-4E03-A059-8DB2A49F2987}.Debug|Mixed Platforms.ActiveCfg = Debug|Any CPU
		{AE092A77-AAE5-4E03-A059-8DB2A49F2987}.Debug|Mixed Platforms.Build.0 = Debug|Any CPU
		{AE092A77-AAE5-4E03-A059-8DB2A49F2987}.Debug|x86.ActiveCfg = Debug|Any CPU
		{AE092A77-AAE5-4E03-A059-8DB2A49F2987}.ProdSpy|Any CPU.ActiveCfg = Debug|Any CPU
		{AE092A77-AAE5-4E03-A059-8DB2A49F2987}.ProdSpy|Any CPU.Build.0 = Debug|Any CPU
		{AE092A77-AAE5-4E03-A059-8DB2A49F2987}.ProdSpy|Mixed Platforms.ActiveCfg = ProdSpy|Any CPU
		{AE092A77-AAE5-4E03-A059-8DB2A49F2987}.ProdSpy|Mixed Platforms.Build.0 = ProdSpy|Any CPU
		{AE092A77-AAE5-4E03-A059-8DB2A49F2987}.ProdSpy|x86.ActiveCfg = ProdSpy|Any CPU
		{AE092A77-AAE5-4E03-A059-8DB2A49F2987}.ProdUIOnly|Any CPU.ActiveCfg = Debug|Any CPU
		{AE092A77-AAE5-4E03-A059-8DB2A49F2987}.ProdUIOnly|Mixed Platforms.ActiveCfg = ProdUIOnly|Any CPU
		{AE092A77-AAE5-4E03-A059-8DB2A49F2987}.ProdUIOnly|x86.ActiveCfg = ProdUIOnly|Any CPU
		{AE092A77-AAE5-4E03-A059-8DB2A49F2987}.Release|Any CPU.ActiveCfg = Release|Any CPU
		{AE092A77-AAE5-4E03-A059-8DB2A49F2987}.Release|Any CPU.Build.0 = Release|Any CPU
		{AE092A77-AAE5-4E03-A059-8DB2A49F2987}.Release|Mixed Platforms.ActiveCfg = Release|Any CPU
		{AE092A77-AAE5-4E03-A059-8DB2A49F2987}.Release|Mixed Platforms.Build.0 = Release|Any CPU
		{AE092A77-AAE5-4E03-A059-8DB2A49F2987}.Release|x86.ActiveCfg = Release|Any CPU
		{AE092A77-AAE5-4E03-A059-8DB2A49F2987}.SessionConfigOnly|Any CPU.ActiveCfg = Debug|Any CPU
		{AE092A77-AAE5-4E03-A059-8DB2A49F2987}.SessionConfigOnly|Mixed Platforms.ActiveCfg = SessionConfigOnly|Any CPU
		{AE092A77-AAE5-4E03-A059-8DB2A49F2987}.SessionConfigOnly|Mixed Platforms.Build.0 = SessionConfigOnly|Any CPU
		{AE092A77-AAE5-4E03-A059-8DB2A49F2987}.SessionConfigOnly|x86.ActiveCfg = SessionConfigOnly|Any CPU
		{AE092A77-AAE5-4E03-A059-8DB2A49F2987}.UnitTesting|Any CPU.ActiveCfg = UnitTesting|Any CPU
		{AE092A77-AAE5-4E03-A059-8DB2A49F2987}.UnitTesting|Any CPU.Build.0 = UnitTesting|Any CPU
		{AE092A77-AAE5-4E03-A059-8DB2A49F2987}.UnitTesting|Mixed Platforms.ActiveCfg = UnitTesting|Any CPU
		{AE092A77-AAE5-4E03-A059-8DB2A49F2987}.UnitTesting|Mixed Platforms.Build.0 = UnitTesting|Any CPU
		{AE092A77-AAE5-4E03-A059-8DB2A49F2987}.UnitTesting|x86.ActiveCfg = UnitTesting|Any CPU
		{AE092A77-AAE5-4E03-A059-8DB2A49F2987}.WinMapOnly|Any CPU.ActiveCfg = Debug|Any CPU
		{AE092A77-AAE5-4E03-A059-8DB2A49F2987}.WinMapOnly|Mixed Platforms.ActiveCfg = WinMapOnly|Any CPU
		{AE092A77-AAE5-4E03-A059-8DB2A49F2987}.WinMapOnly|Mixed Platforms.Build.0 = WinMapOnly|Any CPU
		{AE092A77-AAE5-4E03-A059-8DB2A49F2987}.WinMapOnly|x86.ActiveCfg = WinMapOnly|Any CPU
		{6B1817AB-C03B-4FC9-91A9-C7528E26E7BC}.Debug|Any CPU.ActiveCfg = Debug|x86
		{6B1817AB-C03B-4FC9-91A9-C7528E26E7BC}.Debug|Any CPU.Build.0 = Debug|x86
		{6B1817AB-C03B-4FC9-91A9-C7528E26E7BC}.Debug|Mixed Platforms.ActiveCfg = Debug|x86
		{6B1817AB-C03B-4FC9-91A9-C7528E26E7BC}.Debug|Mixed Platforms.Build.0 = Debug|x86
		{6B1817AB-C03B-4FC9-91A9-C7528E26E7BC}.Debug|x86.ActiveCfg = Debug|x86
		{6B1817AB-C03B-4FC9-91A9-C7528E26E7BC}.Debug|x86.Build.0 = Debug|x86
		{6B1817AB-C03B-4FC9-91A9-C7528E26E7BC}.ProdSpy|Any CPU.ActiveCfg = Debug|x86
		{6B1817AB-C03B-4FC9-91A9-C7528E26E7BC}.ProdSpy|Mixed Platforms.ActiveCfg = ProdUIOnly|x86
		{6B1817AB-C03B-4FC9-91A9-C7528E26E7BC}.ProdSpy|Mixed Platforms.Build.0 = ProdUIOnly|x86
		{6B1817AB-C03B-4FC9-91A9-C7528E26E7BC}.ProdSpy|x86.ActiveCfg = ProdUIOnly|x86
		{6B1817AB-C03B-4FC9-91A9-C7528E26E7BC}.ProdSpy|x86.Build.0 = ProdUIOnly|x86
		{6B1817AB-C03B-4FC9-91A9-C7528E26E7BC}.ProdUIOnly|Any CPU.ActiveCfg = Debug|x86
		{6B1817AB-C03B-4FC9-91A9-C7528E26E7BC}.ProdUIOnly|Mixed Platforms.ActiveCfg = ProdUIOnly|x86
		{6B1817AB-C03B-4FC9-91A9-C7528E26E7BC}.ProdUIOnly|x86.ActiveCfg = ProdUIOnly|x86
		{6B1817AB-C03B-4FC9-91A9-C7528E26E7BC}.ProdUIOnly|x86.Build.0 = ProdUIOnly|x86
		{6B1817AB-C03B-4FC9-91A9-C7528E26E7BC}.Release|Any CPU.ActiveCfg = Release|x86
		{6B1817AB-C03B-4FC9-91A9-C7528E26E7BC}.Release|Any CPU.Build.0 = Release|x86
		{6B1817AB-C03B-4FC9-91A9-C7528E26E7BC}.Release|Mixed Platforms.ActiveCfg = Release|x86
		{6B1817AB-C03B-4FC9-91A9-C7528E26E7BC}.Release|Mixed Platforms.Build.0 = Release|x86
		{6B1817AB-C03B-4FC9-91A9-C7528E26E7BC}.Release|x86.ActiveCfg = Release|x86
		{6B1817AB-C03B-4FC9-91A9-C7528E26E7BC}.Release|x86.Build.0 = Release|x86
		{6B1817AB-C03B-4FC9-91A9-C7528E26E7BC}.SessionConfigOnly|Any CPU.ActiveCfg = Debug|x86
		{6B1817AB-C03B-4FC9-91A9-C7528E26E7BC}.SessionConfigOnly|Mixed Platforms.ActiveCfg = SessionConfigOnly|x86
		{6B1817AB-C03B-4FC9-91A9-C7528E26E7BC}.SessionConfigOnly|Mixed Platforms.Build.0 = SessionConfigOnly|x86
		{6B1817AB-C03B-4FC9-91A9-C7528E26E7BC}.SessionConfigOnly|x86.ActiveCfg = SessionConfigOnly|x86
		{6B1817AB-C03B-4FC9-91A9-C7528E26E7BC}.SessionConfigOnly|x86.Build.0 = SessionConfigOnly|x86
		{6B1817AB-C03B-4FC9-91A9-C7528E26E7BC}.UnitTesting|Any CPU.ActiveCfg = SessionConfigOnly|x86
		{6B1817AB-C03B-4FC9-91A9-C7528E26E7BC}.UnitTesting|Mixed Platforms.ActiveCfg = SessionConfigOnly|x86
		{6B1817AB-C03B-4FC9-91A9-C7528E26E7BC}.UnitTesting|Mixed Platforms.Build.0 = SessionConfigOnly|x86
		{6B1817AB-C03B-4FC9-91A9-C7528E26E7BC}.UnitTesting|x86.ActiveCfg = SessionConfigOnly|x86
		{6B1817AB-C03B-4FC9-91A9-C7528E26E7BC}.UnitTesting|x86.Build.0 = SessionConfigOnly|x86
		{6B1817AB-C03B-4FC9-91A9-C7528E26E7BC}.WinMapOnly|Any CPU.ActiveCfg = Debug|x86
		{6B1817AB-C03B-4FC9-91A9-C7528E26E7BC}.WinMapOnly|Any CPU.Build.0 = Debug|x86
		{6B1817AB-C03B-4FC9-91A9-C7528E26E7BC}.WinMapOnly|Mixed Platforms.ActiveCfg = WinMapOnly|x86
		{6B1817AB-C03B-4FC9-91A9-C7528E26E7BC}.WinMapOnly|Mixed Platforms.Build.0 = WinMapOnly|x86
		{6B1817AB-C03B-4FC9-91A9-C7528E26E7BC}.WinMapOnly|x86.ActiveCfg = WinMapOnly|x86
		{6B1817AB-C03B-4FC9-91A9-C7528E26E7BC}.WinMapOnly|x86.Build.0 = WinMapOnly|x86
		{3E2EB5DE-FE2B-408D-95C3-CBCC9E95B809}.Debug|Any CPU.ActiveCfg = Debug|Any CPU
		{3E2EB5DE-FE2B-408D-95C3-CBCC9E95B809}.Debug|Mixed Platforms.ActiveCfg = Debug|Any CPU
		{3E2EB5DE-FE2B-408D-95C3-CBCC9E95B809}.Debug|Mixed Platforms.Build.0 = Debug|Any CPU
		{3E2EB5DE-FE2B-408D-95C3-CBCC9E95B809}.Debug|x86.ActiveCfg = Debug|Any CPU
		{3E2EB5DE-FE2B-408D-95C3-CBCC9E95B809}.ProdSpy|Any CPU.ActiveCfg = Release|Any CPU
		{3E2EB5DE-FE2B-408D-95C3-CBCC9E95B809}.ProdSpy|Any CPU.Build.0 = Release|Any CPU
		{3E2EB5DE-FE2B-408D-95C3-CBCC9E95B809}.ProdSpy|Mixed Platforms.ActiveCfg = Release|Any CPU
		{3E2EB5DE-FE2B-408D-95C3-CBCC9E95B809}.ProdSpy|Mixed Platforms.Build.0 = Release|Any CPU
		{3E2EB5DE-FE2B-408D-95C3-CBCC9E95B809}.ProdSpy|x86.ActiveCfg = Release|Any CPU
		{3E2EB5DE-FE2B-408D-95C3-CBCC9E95B809}.ProdUIOnly|Any CPU.ActiveCfg = Release|Any CPU
		{3E2EB5DE-FE2B-408D-95C3-CBCC9E95B809}.ProdUIOnly|Any CPU.Build.0 = Release|Any CPU
		{3E2EB5DE-FE2B-408D-95C3-CBCC9E95B809}.ProdUIOnly|Mixed Platforms.ActiveCfg = Release|Any CPU
		{3E2EB5DE-FE2B-408D-95C3-CBCC9E95B809}.ProdUIOnly|Mixed Platforms.Build.0 = Release|Any CPU
		{3E2EB5DE-FE2B-408D-95C3-CBCC9E95B809}.ProdUIOnly|x86.ActiveCfg = Release|Any CPU
		{3E2EB5DE-FE2B-408D-95C3-CBCC9E95B809}.Release|Any CPU.ActiveCfg = Release|Any CPU
		{3E2EB5DE-FE2B-408D-95C3-CBCC9E95B809}.Release|Any CPU.Build.0 = Release|Any CPU
		{3E2EB5DE-FE2B-408D-95C3-CBCC9E95B809}.Release|Mixed Platforms.ActiveCfg = Release|Any CPU
		{3E2EB5DE-FE2B-408D-95C3-CBCC9E95B809}.Release|Mixed Platforms.Build.0 = Release|Any CPU
		{3E2EB5DE-FE2B-408D-95C3-CBCC9E95B809}.Release|x86.ActiveCfg = Release|Any CPU
		{3E2EB5DE-FE2B-408D-95C3-CBCC9E95B809}.SessionConfigOnly|Any CPU.ActiveCfg = Debug|Any CPU
		{3E2EB5DE-FE2B-408D-95C3-CBCC9E95B809}.SessionConfigOnly|Any CPU.Build.0 = Debug|Any CPU
		{3E2EB5DE-FE2B-408D-95C3-CBCC9E95B809}.SessionConfigOnly|Mixed Platforms.ActiveCfg = Release|Any CPU
		{3E2EB5DE-FE2B-408D-95C3-CBCC9E95B809}.SessionConfigOnly|Mixed Platforms.Build.0 = Release|Any CPU
		{3E2EB5DE-FE2B-408D-95C3-CBCC9E95B809}.SessionConfigOnly|x86.ActiveCfg = Release|Any CPU
		{3E2EB5DE-FE2B-408D-95C3-CBCC9E95B809}.UnitTesting|Any CPU.ActiveCfg = Release|Any CPU
		{3E2EB5DE-FE2B-408D-95C3-CBCC9E95B809}.UnitTesting|Any CPU.Build.0 = Release|Any CPU
		{3E2EB5DE-FE2B-408D-95C3-CBCC9E95B809}.UnitTesting|Mixed Platforms.ActiveCfg = Release|Any CPU
		{3E2EB5DE-FE2B-408D-95C3-CBCC9E95B809}.UnitTesting|Mixed Platforms.Build.0 = Release|Any CPU
		{3E2EB5DE-FE2B-408D-95C3-CBCC9E95B809}.UnitTesting|x86.ActiveCfg = Release|Any CPU
		{3E2EB5DE-FE2B-408D-95C3-CBCC9E95B809}.WinMapOnly|Any CPU.ActiveCfg = Release|Any CPU
		{3E2EB5DE-FE2B-408D-95C3-CBCC9E95B809}.WinMapOnly|Any CPU.Build.0 = Release|Any CPU
		{3E2EB5DE-FE2B-408D-95C3-CBCC9E95B809}.WinMapOnly|Mixed Platforms.ActiveCfg = Release|Any CPU
		{3E2EB5DE-FE2B-408D-95C3-CBCC9E95B809}.WinMapOnly|Mixed Platforms.Build.0 = Release|Any CPU
		{3E2EB5DE-FE2B-408D-95C3-CBCC9E95B809}.WinMapOnly|x86.ActiveCfg = Release|Any CPU
	EndGlobalSection
	GlobalSection(SolutionProperties) = preSolution
		HideSolutionNode = FALSE
	EndGlobalSection
	GlobalSection(NestedProjects) = preSolution
		{E08BF88A-98B1-43AF-A9E0-44C6E5903BCD} = {2D5DCD44-54E7-4174-89C1-9AC976376B3D}
		{B9A04CBC-55D1-4529-B1E6-18C8D2D1AC65} = {2D5DCD44-54E7-4174-89C1-9AC976376B3D}
		{F89A3117-BCF8-4AED-8004-E64C70B239DC} = {2D5DCD44-54E7-4174-89C1-9AC976376B3D}
		{AE092A77-AAE5-4E03-A059-8DB2A49F2987} = {27AE70B7-B090-428A-BC3C-3CD3B4AE9E6E}
		{6B1817AB-C03B-4FC9-91A9-C7528E26E7BC} = {27AE70B7-B090-428A-BC3C-3CD3B4AE9E6E}
		{6F00ACEA-225C-46F4-BDC3-8709FFC25167} = {27AE70B7-B090-428A-BC3C-3CD3B4AE9E6E}
	EndGlobalSection
	GlobalSection(ExtensibilityGlobals) = postSolution
		BuildVersion_BuildVersioningStyle = None.None.Increment.TimeStamp
	EndGlobalSection
EndGlobal
