
Microsoft Visual Studio Solution File, Format Version 11.00
# Visual Studio 2010
Project("{FAE04EC0-301F-11D3-BF4B-00C04F79EFBC}") = "MasterWinformTest", "MasterWinformTest\MasterWinformTest.csproj", "{821512E1-567A-4C43-966B-A98950B9767F}"
EndProject
Global
	GlobalSection(SolutionConfigurationPlatforms) = preSolution
		Debug|x86 = Debug|x86
		Release|x86 = Release|x86
	EndGlobalSection
	GlobalSection(ProjectConfigurationPlatforms) = postSolution
		{821512E1-567A-4C43-966B-A98950B9767F}.Debug|x86.ActiveCfg = Debug|x86
		{821512E1-567A-4C43-966B-A98950B9767F}.Debug|x86.Build.0 = Debug|x86
		{821512E1-567A-4C43-966B-A98950B9767F}.Release|x86.ActiveCfg = Release|x86
		{821512E1-567A-4C43-966B-A98950B9767F}.Release|x86.Build.0 = Release|x86
	EndGlobalSection
	GlobalSection(SolutionProperties) = preSolution
		HideSolutionNode = FALSE
	EndGlobalSection
EndGlobal
